
Microsoft Visual Studio Solution File, Format Version 12.00
# Visual Studio Version 17
VisualStudioVersion = 17.2.32616.157
MinimumVisualStudioVersion = 10.0.40219.1
Project("{FAE04EC0-301F-11D3-BF4B-00C04F79EFBC}") = "OverviewTeste", "OverviewTeste\OverviewTeste.csproj", "{DD395336-353B-4AC2-9B05-7D442EF34BAD}"
EndProject
Global
	GlobalSection(SolutionConfigurationPlatforms) = preSolution
		Debug|Any CPU = Debug|Any CPU
		Release|Any CPU = Release|Any CPU
	EndGlobalSection
	GlobalSection(ProjectConfigurationPlatforms) = postSolution
		{DD395336-353B-4AC2-9B05-7D442EF34BAD}.Debug|Any CPU.ActiveCfg = Debug|Any CPU
		{DD395336-353B-4AC2-9B05-7D442EF34BAD}.Debug|Any CPU.Build.0 = Debug|Any CPU
		{DD395336-353B-4AC2-9B05-7D442EF34BAD}.Release|Any CPU.ActiveCfg = Release|Any CPU
		{DD395336-353B-4AC2-9B05-7D442EF34BAD}.Release|Any CPU.Build.0 = Release|Any CPU
	EndGlobalSection
	GlobalSection(SolutionProperties) = preSolution
		HideSolutionNode = FALSE
	EndGlobalSection
	GlobalSection(ExtensibilityGlobals) = postSolution
		SolutionGuid = {461527EA-0D1C-49CC-BFE1-397C4FD3A077}
	EndGlobalSection
EndGlobal
